
Microsoft Visual Studio Solution File, Format Version 12.00
# Visual Studio Version 17
VisualStudioVersion = 17.0.31903.59
MinimumVisualStudioVersion = 10.0.40219.1
Project("{FAE04EC0-301F-11D3-BF4B-00C04F79EFBC}") = "WPF_GLFW_TEST", "WPF_GLFW_TEST\WPF_GLFW_TEST.csproj", "{FDEF27FE-3166-41A0-90F1-B62ADB0E03EA}"
EndProject
Global
	GlobalSection(SolutionConfigurationPlatforms) = preSolution
		Debug|Any CPU = Debug|Any CPU
		Release|Any CPU = Release|Any CPU
	EndGlobalSection
	GlobalSection(SolutionProperties) = preSolution
		HideSolutionNode = FALSE
	EndGlobalSection
	GlobalSection(ProjectConfigurationPlatforms) = postSolution
		{FDEF27FE-3166-41A0-90F1-B62ADB0E03EA}.Debug|Any CPU.ActiveCfg = Debug|Any CPU
		{FDEF27FE-3166-41A0-90F1-B62ADB0E03EA}.Debug|Any CPU.Build.0 = Debug|Any CPU
		{FDEF27FE-3166-41A0-90F1-B62ADB0E03EA}.Release|Any CPU.ActiveCfg = Release|Any CPU
		{FDEF27FE-3166-41A0-90F1-B62ADB0E03EA}.Release|Any CPU.Build.0 = Release|Any CPU
	EndGlobalSection
EndGlobal
